
Microsoft Visual Studio Solution File, Format Version 12.00
# Visual Studio Version 16
VisualStudioVersion = 16.0.29503.13
MinimumVisualStudioVersion = 10.0.40219.1
Project("{9A19103F-16F7-4668-BE54-9A1E7A4F7556}") = "MyMostUsedWords", "Api\MyMostUsedWords.csproj", "{DBAFAB29-AA44-45E8-A6C8-0F3F986BAD93}"
EndProject
Project("{9A19103F-16F7-4668-BE54-9A1E7A4F7556}") = "Tests", "Tests\Tests.csproj", "{2F12B913-0041-4039-A098-C3B984B0A67E}"
EndProject
Project("{9A19103F-16F7-4668-BE54-9A1E7A4F7556}") = "Benchmarks", "Benchmarks\Benchmarks.csproj", "{74E2946B-FAB8-4BCD-8A33-5EDDD2D23AEF}"
EndProject
Project("{2150E333-8FDC-42A3-9474-1A3956D46DE8}") = "Solution Items", "Solution Items", "{8CB03C9C-4139-4FB7-BD2E-EDCBB48AF4F7}"
	ProjectSection(SolutionItems) = preProject
		.gitignore = .gitignore
		Dockerfile = Dockerfile
		README.md = README.md
	EndProjectSection
EndProject
Global
	GlobalSection(SolutionConfigurationPlatforms) = preSolution
		Debug|Any CPU = Debug|Any CPU
		Release|Any CPU = Release|Any CPU
	EndGlobalSection
	GlobalSection(ProjectConfigurationPlatforms) = postSolution
		{DBAFAB29-AA44-45E8-A6C8-0F3F986BAD93}.Debug|Any CPU.ActiveCfg = Debug|Any CPU
		{DBAFAB29-AA44-45E8-A6C8-0F3F986BAD93}.Debug|Any CPU.Build.0 = Debug|Any CPU
		{DBAFAB29-AA44-45E8-A6C8-0F3F986BAD93}.Release|Any CPU.ActiveCfg = Release|Any CPU
		{DBAFAB29-AA44-45E8-A6C8-0F3F986BAD93}.Release|Any CPU.Build.0 = Release|Any CPU
		{2F12B913-0041-4039-A098-C3B984B0A67E}.Debug|Any CPU.ActiveCfg = Debug|Any CPU
		{2F12B913-0041-4039-A098-C3B984B0A67E}.Debug|Any CPU.Build.0 = Debug|Any CPU
		{2F12B913-0041-4039-A098-C3B984B0A67E}.Release|Any CPU.ActiveCfg = Release|Any CPU
		{2F12B913-0041-4039-A098-C3B984B0A67E}.Release|Any CPU.Build.0 = Release|Any CPU
		{74E2946B-FAB8-4BCD-8A33-5EDDD2D23AEF}.Debug|Any CPU.ActiveCfg = Debug|Any CPU
		{74E2946B-FAB8-4BCD-8A33-5EDDD2D23AEF}.Debug|Any CPU.Build.0 = Debug|Any CPU
		{74E2946B-FAB8-4BCD-8A33-5EDDD2D23AEF}.Release|Any CPU.ActiveCfg = Release|Any CPU
		{74E2946B-FAB8-4BCD-8A33-5EDDD2D23AEF}.Release|Any CPU.Build.0 = Release|Any CPU
	EndGlobalSection
	GlobalSection(SolutionProperties) = preSolution
		HideSolutionNode = FALSE
	EndGlobalSection
	GlobalSection(ExtensibilityGlobals) = postSolution
		SolutionGuid = {00288EDB-2A01-4F2F-85D9-2113C1A88658}
	EndGlobalSection
EndGlobal
